
Microsoft Visual Studio Solution File, Format Version 12.00
# Visual Studio Version 16
VisualStudioVersion = 16.0.30114.105
MinimumVisualStudioVersion = 10.0.40219.1
Project("{9A19103F-16F7-4668-BE54-9A1E7A4F7556}") = "Teachers", "Teachers\Teachers.csproj", "{D0665E32-816F-4413-BF8F-020111832300}"
EndProject
Project("{9A19103F-16F7-4668-BE54-9A1E7A4F7556}") = "Domain", "Domain\Domain.csproj", "{88DF3711-38D1-494E-9952-FD86FEF154B8}"
EndProject
Project("{9A19103F-16F7-4668-BE54-9A1E7A4F7556}") = "Service", "Service\Service.csproj", "{C4B5BF58-2ED2-42EC-9677-BA9A7A17F6E4}"
EndProject
Project("{9A19103F-16F7-4668-BE54-9A1E7A4F7556}") = "SettingApp", "SettingApp\SettingApp.csproj", "{26AD190F-D9A5-4D65-A3F9-D8843DB65493}"
EndProject
Project("{9A19103F-16F7-4668-BE54-9A1E7A4F7556}") = "Utility", "Utility\Utility.csproj", "{01C41861-9803-4E02-AC35-799594B6721A}"
EndProject
Global
	GlobalSection(SolutionConfigurationPlatforms) = preSolution
		Debug|Any CPU = Debug|Any CPU
		Release|Any CPU = Release|Any CPU
	EndGlobalSection
	GlobalSection(ProjectConfigurationPlatforms) = postSolution
		{D0665E32-816F-4413-BF8F-020111832300}.Debug|Any CPU.ActiveCfg = Debug|Any CPU
		{D0665E32-816F-4413-BF8F-020111832300}.Debug|Any CPU.Build.0 = Debug|Any CPU
		{D0665E32-816F-4413-BF8F-020111832300}.Release|Any CPU.ActiveCfg = Release|Any CPU
		{D0665E32-816F-4413-BF8F-020111832300}.Release|Any CPU.Build.0 = Release|Any CPU
		{88DF3711-38D1-494E-9952-FD86FEF154B8}.Debug|Any CPU.ActiveCfg = Debug|Any CPU
		{88DF3711-38D1-494E-9952-FD86FEF154B8}.Debug|Any CPU.Build.0 = Debug|Any CPU
		{88DF3711-38D1-494E-9952-FD86FEF154B8}.Release|Any CPU.ActiveCfg = Release|Any CPU
		{88DF3711-38D1-494E-9952-FD86FEF154B8}.Release|Any CPU.Build.0 = Release|Any CPU
		{C4B5BF58-2ED2-42EC-9677-BA9A7A17F6E4}.Debug|Any CPU.ActiveCfg = Debug|Any CPU
		{C4B5BF58-2ED2-42EC-9677-BA9A7A17F6E4}.Debug|Any CPU.Build.0 = Debug|Any CPU
		{C4B5BF58-2ED2-42EC-9677-BA9A7A17F6E4}.Release|Any CPU.ActiveCfg = Release|Any CPU
		{C4B5BF58-2ED2-42EC-9677-BA9A7A17F6E4}.Release|Any CPU.Build.0 = Release|Any CPU
		{26AD190F-D9A5-4D65-A3F9-D8843DB65493}.Debug|Any CPU.ActiveCfg = Debug|Any CPU
		{26AD190F-D9A5-4D65-A3F9-D8843DB65493}.Debug|Any CPU.Build.0 = Debug|Any CPU
		{26AD190F-D9A5-4D65-A3F9-D8843DB65493}.Release|Any CPU.ActiveCfg = Release|Any CPU
		{26AD190F-D9A5-4D65-A3F9-D8843DB65493}.Release|Any CPU.Build.0 = Release|Any CPU
		{01C41861-9803-4E02-AC35-799594B6721A}.Debug|Any CPU.ActiveCfg = Debug|Any CPU
		{01C41861-9803-4E02-AC35-799594B6721A}.Debug|Any CPU.Build.0 = Debug|Any CPU
		{01C41861-9803-4E02-AC35-799594B6721A}.Release|Any CPU.ActiveCfg = Release|Any CPU
		{01C41861-9803-4E02-AC35-799594B6721A}.Release|Any CPU.Build.0 = Release|Any CPU
	EndGlobalSection
	GlobalSection(SolutionProperties) = preSolution
		HideSolutionNode = FALSE
	EndGlobalSection
	GlobalSection(ExtensibilityGlobals) = postSolution
		SolutionGuid = {A18DEBD6-6E4D-43D7-9632-FA23BB4E63CE}
	EndGlobalSection
EndGlobal
